
Microsoft Visual Studio Solution File, Format Version 12.00
# Visual Studio Version 18
VisualStudioVersion = 18.1.11312.151
MinimumVisualStudioVersion = 10.0.40219.1
Project("{2150E333-8FDC-42A3-9474-1A3956D46DE8}") = "Services", "Services", "{BFAF7A48-D763-4642-9B15-4623A0668528}"
EndProject
Project("{2150E333-8FDC-42A3-9474-1A3956D46DE8}") = "Catalog", "Catalog", "{63340AFC-335E-47A0-A024-B29EB3CD69B2}"
EndProject
Project("{FAE04EC0-301F-11D3-BF4B-00C04F79EFBC}") = "Catalog.API", "Services\Catalog\Catalog.API\Catalog.API.csproj", "{93B4816B-5E54-4BA7-9EEF-898F5E8F5D1B}"
EndProject
Project("{2150E333-8FDC-42A3-9474-1A3956D46DE8}") = "BuildingBlocks", "BuildingBlocks", "{02EA681E-C7D8-13C7-8484-4AC65E1B71E8}"
EndProject
Project("{FAE04EC0-301F-11D3-BF4B-00C04F79EFBC}") = "BuildingBlocks", "BuildingBlocks\BuildingBlocks\BuildingBlocks.csproj", "{4D730371-3460-4AC1-A50D-33166D3B0068}"
EndProject
Project("{E53339B2-1760-4266-BCC7-CA923CBCF16C}") = "docker-compose", "docker-compose.dcproj", "{81DDED9D-158B-E303-5F62-77A2896D2A5A}"
EndProject
Project("{2150E333-8FDC-42A3-9474-1A3956D46DE8}") = "Basket", "Basket", "{A56F30EE-2ED5-4B61-95A2-19B9532F69DA}"
EndProject
Project("{FAE04EC0-301F-11D3-BF4B-00C04F79EFBC}") = "Basket.API", "Services\Basket\Basket.API\Basket.API.csproj", "{D086F399-F7D5-4382-98A0-4CD352F9E5AB}"
EndProject
Project("{2150E333-8FDC-42A3-9474-1A3956D46DE8}") = "Discount", "Discount", "{51900738-41DC-400B-B49D-19D06A5DBE4A}"
EndProject
Project("{FAE04EC0-301F-11D3-BF4B-00C04F79EFBC}") = "Discount.Grpc", "Services\Discount\Discount.Grpc\Discount.Grpc.csproj", "{967CF81B-F624-4369-9685-94EE6CB86AFE}"
EndProject
Project("{2150E333-8FDC-42A3-9474-1A3956D46DE8}") = "Ordering", "Ordering", "{D7708E7D-EAD4-4E5D-94DB-D5A17CA70A72}"
EndProject
Project("{FAE04EC0-301F-11D3-BF4B-00C04F79EFBC}") = "Ordering.API", "Services\Ordering\Ordering.API\Ordering.API.csproj", "{2AA09683-89F2-4763-A559-99D1E37C2607}"
EndProject
Project("{FAE04EC0-301F-11D3-BF4B-00C04F79EFBC}") = "Ordering.Domain", "Services\Ordering\Ordering.Domain\Ordering.Domain.csproj", "{BB5C30E8-3EA0-4271-9611-514B2A49CA5D}"
EndProject
Project("{FAE04EC0-301F-11D3-BF4B-00C04F79EFBC}") = "Ordering.Application", "Services\Ordering\Ordering.Application\Ordering.Application.csproj", "{80F32964-F463-42B2-B306-A64B8BB53099}"
EndProject
Project("{FAE04EC0-301F-11D3-BF4B-00C04F79EFBC}") = "Ordering.Infrastructure", "Services\Ordering\Ordering.Infrastructure\Ordering.Infrastructure.csproj", "{89403F22-B1E6-4D9C-B477-1137564C4393}"
EndProject
Global
	GlobalSection(SolutionConfigurationPlatforms) = preSolution
		Debug|Any CPU = Debug|Any CPU
		Release|Any CPU = Release|Any CPU
	EndGlobalSection
	GlobalSection(ProjectConfigurationPlatforms) = postSolution
		{93B4816B-5E54-4BA7-9EEF-898F5E8F5D1B}.Debug|Any CPU.ActiveCfg = Debug|Any CPU
		{93B4816B-5E54-4BA7-9EEF-898F5E8F5D1B}.Debug|Any CPU.Build.0 = Debug|Any CPU
		{93B4816B-5E54-4BA7-9EEF-898F5E8F5D1B}.Release|Any CPU.ActiveCfg = Release|Any CPU
		{93B4816B-5E54-4BA7-9EEF-898F5E8F5D1B}.Release|Any CPU.Build.0 = Release|Any CPU
		{4D730371-3460-4AC1-A50D-33166D3B0068}.Debug|Any CPU.ActiveCfg = Debug|Any CPU
		{4D730371-3460-4AC1-A50D-33166D3B0068}.Debug|Any CPU.Build.0 = Debug|Any CPU
		{4D730371-3460-4AC1-A50D-33166D3B0068}.Release|Any CPU.ActiveCfg = Release|Any CPU
		{4D730371-3460-4AC1-A50D-33166D3B0068}.Release|Any CPU.Build.0 = Release|Any CPU
		{81DDED9D-158B-E303-5F62-77A2896D2A5A}.Debug|Any CPU.ActiveCfg = Debug|Any CPU
		{81DDED9D-158B-E303-5F62-77A2896D2A5A}.Debug|Any CPU.Build.0 = Debug|Any CPU
		{81DDED9D-158B-E303-5F62-77A2896D2A5A}.Release|Any CPU.ActiveCfg = Release|Any CPU
		{81DDED9D-158B-E303-5F62-77A2896D2A5A}.Release|Any CPU.Build.0 = Release|Any CPU
		{D086F399-F7D5-4382-98A0-4CD352F9E5AB}.Debug|Any CPU.ActiveCfg = Debug|Any CPU
		{D086F399-F7D5-4382-98A0-4CD352F9E5AB}.Debug|Any CPU.Build.0 = Debug|Any CPU
		{D086F399-F7D5-4382-98A0-4CD352F9E5AB}.Release|Any CPU.ActiveCfg = Release|Any CPU
		{D086F399-F7D5-4382-98A0-4CD352F9E5AB}.Release|Any CPU.Build.0 = Release|Any CPU
		{967CF81B-F624-4369-9685-94EE6CB86AFE}.Debug|Any CPU.ActiveCfg = Debug|Any CPU
		{967CF81B-F624-4369-9685-94EE6CB86AFE}.Debug|Any CPU.Build.0 = Debug|Any CPU
		{967CF81B-F624-4369-9685-94EE6CB86AFE}.Release|Any CPU.ActiveCfg = Release|Any CPU
		{967CF81B-F624-4369-9685-94EE6CB86AFE}.Release|Any CPU.Build.0 = Release|Any CPU
		{2AA09683-89F2-4763-A559-99D1E37C2607}.Debug|Any CPU.ActiveCfg = Debug|Any CPU
		{2AA09683-89F2-4763-A559-99D1E37C2607}.Debug|Any CPU.Build.0 = Debug|Any CPU
		{2AA09683-89F2-4763-A559-99D1E37C2607}.Release|Any CPU.ActiveCfg = Release|Any CPU
		{2AA09683-89F2-4763-A559-99D1E37C2607}.Release|Any CPU.Build.0 = Release|Any CPU
		{BB5C30E8-3EA0-4271-9611-514B2A49CA5D}.Debug|Any CPU.ActiveCfg = Debug|Any CPU
		{BB5C30E8-3EA0-4271-9611-514B2A49CA5D}.Debug|Any CPU.Build.0 = Debug|Any CPU
		{BB5C30E8-3EA0-4271-9611-514B2A49CA5D}.Release|Any CPU.ActiveCfg = Release|Any CPU
		{BB5C30E8-3EA0-4271-9611-514B2A49CA5D}.Release|Any CPU.Build.0 = Release|Any CPU
		{80F32964-F463-42B2-B306-A64B8BB53099}.Debug|Any CPU.ActiveCfg = Debug|Any CPU
		{80F32964-F463-42B2-B306-A64B8BB53099}.Debug|Any CPU.Build.0 = Debug|Any CPU
		{80F32964-F463-42B2-B306-A64B8BB53099}.Release|Any CPU.ActiveCfg = Release|Any CPU
		{80F32964-F463-42B2-B306-A64B8BB53099}.Release|Any CPU.Build.0 = Release|Any CPU
		{89403F22-B1E6-4D9C-B477-1137564C4393}.Debug|Any CPU.ActiveCfg = Debug|Any CPU
		{89403F22-B1E6-4D9C-B477-1137564C4393}.Debug|Any CPU.Build.0 = Debug|Any CPU
		{89403F22-B1E6-4D9C-B477-1137564C4393}.Release|Any CPU.ActiveCfg = Release|Any CPU
		{89403F22-B1E6-4D9C-B477-1137564C4393}.Release|Any CPU.Build.0 = Release|Any CPU
	EndGlobalSection
	GlobalSection(SolutionProperties) = preSolution
		HideSolutionNode = FALSE
	EndGlobalSection
	GlobalSection(NestedProjects) = preSolution
		{63340AFC-335E-47A0-A024-B29EB3CD69B2} = {BFAF7A48-D763-4642-9B15-4623A0668528}
		{93B4816B-5E54-4BA7-9EEF-898F5E8F5D1B} = {63340AFC-335E-47A0-A024-B29EB3CD69B2}
		{4D730371-3460-4AC1-A50D-33166D3B0068} = {02EA681E-C7D8-13C7-8484-4AC65E1B71E8}
		{A56F30EE-2ED5-4B61-95A2-19B9532F69DA} = {BFAF7A48-D763-4642-9B15-4623A0668528}
		{D086F399-F7D5-4382-98A0-4CD352F9E5AB} = {A56F30EE-2ED5-4B61-95A2-19B9532F69DA}
		{51900738-41DC-400B-B49D-19D06A5DBE4A} = {BFAF7A48-D763-4642-9B15-4623A0668528}
		{967CF81B-F624-4369-9685-94EE6CB86AFE} = {51900738-41DC-400B-B49D-19D06A5DBE4A}
		{D7708E7D-EAD4-4E5D-94DB-D5A17CA70A72} = {BFAF7A48-D763-4642-9B15-4623A0668528}
		{2AA09683-89F2-4763-A559-99D1E37C2607} = {D7708E7D-EAD4-4E5D-94DB-D5A17CA70A72}
		{BB5C30E8-3EA0-4271-9611-514B2A49CA5D} = {D7708E7D-EAD4-4E5D-94DB-D5A17CA70A72}
		{80F32964-F463-42B2-B306-A64B8BB53099} = {D7708E7D-EAD4-4E5D-94DB-D5A17CA70A72}
		{89403F22-B1E6-4D9C-B477-1137564C4393} = {D7708E7D-EAD4-4E5D-94DB-D5A17CA70A72}
	EndGlobalSection
	GlobalSection(ExtensibilityGlobals) = postSolution
		SolutionGuid = {8207102D-9B1D-4F5D-ADDB-12E1DD644755}
	EndGlobalSection
EndGlobal
